
Microsoft Visual Studio Solution File, Format Version 12.00
# Visual Studio 15
VisualStudioVersion = 15.0.28307.1145
MinimumVisualStudioVersion = 10.0.40219.1
Project("{FAE04EC0-301F-11D3-BF4B-00C04F79EFBC}") = "OwinDemo", "OwinDemo\OwinDemo.csproj", "{FA89ACFE-CE55-4A1C-B43D-E086D41623B1}"
EndProject
Global
	GlobalSection(SolutionConfigurationPlatforms) = preSolution
		Debug|Any CPU = Debug|Any CPU
		Release|Any CPU = Release|Any CPU
	EndGlobalSection
	GlobalSection(ProjectConfigurationPlatforms) = postSolution
		{FA89ACFE-CE55-4A1C-B43D-E086D41623B1}.Debug|Any CPU.ActiveCfg = Debug|Any CPU
		{FA89ACFE-CE55-4A1C-B43D-E086D41623B1}.Debug|Any CPU.Build.0 = Debug|Any CPU
		{FA89ACFE-CE55-4A1C-B43D-E086D41623B1}.Release|Any CPU.ActiveCfg = Release|Any CPU
		{FA89ACFE-CE55-4A1C-B43D-E086D41623B1}.Release|Any CPU.Build.0 = Release|Any CPU
	EndGlobalSection
	GlobalSection(SolutionProperties) = preSolution
		HideSolutionNode = FALSE
	EndGlobalSection
	GlobalSection(ExtensibilityGlobals) = postSolution
		SolutionGuid = {CCB2758F-3D5D-4A00-994F-484340465005}
	EndGlobalSection
EndGlobal
